
Microsoft Visual Studio Solution File, Format Version 12.00
Project("{FAE04EC0-301F-11D3-BF4B-00C04F79EFBC}") = "MongoDbChangeStreams", "MongoDbChangeStreams\MongoDbChangeStreams.csproj", "{03C2A75C-5C13-4B8A-B656-1BE34BF3E227}"
EndProject
Global
	GlobalSection(SolutionConfigurationPlatforms) = preSolution
		Debug|Any CPU = Debug|Any CPU
		Release|Any CPU = Release|Any CPU
	EndGlobalSection
	GlobalSection(ProjectConfigurationPlatforms) = postSolution
		{03C2A75C-5C13-4B8A-B656-1BE34BF3E227}.Debug|Any CPU.ActiveCfg = Debug|Any CPU
		{03C2A75C-5C13-4B8A-B656-1BE34BF3E227}.Debug|Any CPU.Build.0 = Debug|Any CPU
		{03C2A75C-5C13-4B8A-B656-1BE34BF3E227}.Release|Any CPU.ActiveCfg = Release|Any CPU
		{03C2A75C-5C13-4B8A-B656-1BE34BF3E227}.Release|Any CPU.Build.0 = Release|Any CPU
	EndGlobalSection
EndGlobal
